
Microsoft Visual Studio Solution File, Format Version 12.00
# Visual Studio 15
VisualStudioVersion = 15.0.28307.168
MinimumVisualStudioVersion = 10.0.40219.1
Project("{FAE04EC0-301F-11D3-BF4B-00C04F79EFBC}") = "FirstWpf", "FirstWpf\FirstWpf.csproj", "{90B82F8B-C6DF-4501-A6DD-173749276487}"
EndProject
Global
	GlobalSection(SolutionConfigurationPlatforms) = preSolution
		Debug|Any CPU = Debug|Any CPU
		Release|Any CPU = Release|Any CPU
	EndGlobalSection
	GlobalSection(ProjectConfigurationPlatforms) = postSolution
		{90B82F8B-C6DF-4501-A6DD-173749276487}.Debug|Any CPU.ActiveCfg = Debug|Any CPU
		{90B82F8B-C6DF-4501-A6DD-173749276487}.Debug|Any CPU.Build.0 = Debug|Any CPU
		{90B82F8B-C6DF-4501-A6DD-173749276487}.Release|Any CPU.ActiveCfg = Release|Any CPU
		{90B82F8B-C6DF-4501-A6DD-173749276487}.Release|Any CPU.Build.0 = Release|Any CPU
	EndGlobalSection
	GlobalSection(SolutionProperties) = preSolution
		HideSolutionNode = FALSE
	EndGlobalSection
	GlobalSection(ExtensibilityGlobals) = postSolution
		SolutionGuid = {8589531D-567B-486F-8818-3CEEAB98D316}
	EndGlobalSection
EndGlobal
