
Microsoft Visual Studio Solution File, Format Version 12.00
# Visual Studio 15
VisualStudioVersion = 15.0.28307.168
MinimumVisualStudioVersion = 10.0.40219.1
Project("{FAE04EC0-301F-11D3-BF4B-00C04F79EFBC}") = "DictionaryWpf", "DictionaryWpf\DictionaryWpf.csproj", "{B59732F4-6294-4EB0-A6BE-9BBBEA895DE2}"
EndProject
Global
	GlobalSection(SolutionConfigurationPlatforms) = preSolution
		Debug|Any CPU = Debug|Any CPU
		Release|Any CPU = Release|Any CPU
	EndGlobalSection
	GlobalSection(ProjectConfigurationPlatforms) = postSolution
		{B59732F4-6294-4EB0-A6BE-9BBBEA895DE2}.Debug|Any CPU.ActiveCfg = Debug|Any CPU
		{B59732F4-6294-4EB0-A6BE-9BBBEA895DE2}.Debug|Any CPU.Build.0 = Debug|Any CPU
		{B59732F4-6294-4EB0-A6BE-9BBBEA895DE2}.Release|Any CPU.ActiveCfg = Release|Any CPU
		{B59732F4-6294-4EB0-A6BE-9BBBEA895DE2}.Release|Any CPU.Build.0 = Release|Any CPU
	EndGlobalSection
	GlobalSection(SolutionProperties) = preSolution
		HideSolutionNode = FALSE
	EndGlobalSection
	GlobalSection(ExtensibilityGlobals) = postSolution
		SolutionGuid = {9246A89C-A57B-4B13-902D-ACD5435DEAAA}
	EndGlobalSection
EndGlobal
